// !$*UTF8*$!
{
	archiveVersion = 1;
	classes = {
	};
	objectVersion = 46;
	objects = {

/* Begin PBXBuildFile section */
		79BD87931EF8B3D400AE431A /* main.m in Sources */ = {isa = PBXBuildFile; fileRef = 79BD87921EF8B3D400AE431A /* main.m */; };
		79BD87961EF8B3D400AE431A /* AppDelegate.m in Sources */ = {isa = PBXBuildFile; fileRef = 79BD87951EF8B3D400AE431A /* AppDelegate.m */; };
		79BD879E1EF8B3D400AE431A /* Assets.xcassets in Resources */ = {isa = PBXBuildFile; fileRef = 79BD879D1EF8B3D400AE431A /* Assets.xcassets */; };
		79BD87A11EF8B3D400AE431A /* LaunchScreen.storyboard in Resources */ = {isa = PBXBuildFile; fileRef = 79BD879F1EF8B3D400AE431A /* LaunchScreen.storyboard */; };
		79BD87CD1EF8FE9C00AE431A /* UIBarButtonItem+Extension.m in Sources */ = {isa = PBXBuildFile; fileRef = 79BD87BD1EF8FE9C00AE431A /* UIBarButtonItem+Extension.m */; };
		79BD87CE1EF8FE9C00AE431A /* UIButton+LXMImagePosition.m in Sources */ = {isa = PBXBuildFile; fileRef = 79BD87BF1EF8FE9C00AE431A /* UIButton+LXMImagePosition.m */; };
		79BD87CF1EF8FE9C00AE431A /* MainViewController.m in Sources */ = {isa = PBXBuildFile; fileRef = 79BD87C61EF8FE9C00AE431A /* MainViewController.m */; };
		79BD87D01EF8FE9C00AE431A /* ZZBaseViewController.m in Sources */ = {isa = PBXBuildFile; fileRef = 79BD87C81EF8FE9C00AE431A /* ZZBaseViewController.m */; };
		79BD87D11EF8FE9C00AE431A /* ZZNavigationController.m in Sources */ = {isa = PBXBuildFile; fileRef = 79BD87CA1EF8FE9C00AE431A /* ZZNavigationController.m */; };
/* End PBXBuildFile section */

/* Begin PBXFileReference section */
		79BD878E1EF8B3D400AE431A /* ZGMDemo.app */ = {isa = PBXFileReference; explicitFileType = wrapper.application; includeInIndex = 0; path = ZGMDemo.app; sourceTree = BUILT_PRODUCTS_DIR; };
		79BD87921EF8B3D400AE431A /* main.m */ = {isa = PBXFileReference; lastKnownFileType = sourcecode.c.objc; path = main.m; sourceTree = "<group>"; };
		79BD87941EF8B3D400AE431A /* AppDelegate.h */ = {isa = PBXFileReference; lastKnownFileType = sourcecode.c.h; path = AppDelegate.h; sourceTree = "<group>"; };
		79BD87951EF8B3D400AE431A /* AppDelegate.m */ = {isa = PBXFileReference; lastKnownFileType = sourcecode.c.objc; path = AppDelegate.m; sourceTree = "<group>"; };
		79BD879D1EF8B3D400AE431A /* Assets.xcassets */ = {isa = PBXFileReference; lastKnownFileType = folder.assetcatalog; path = Assets.xcassets; sourceTree = "<group>"; };
		79BD87A01EF8B3D400AE431A /* Base */ = {isa = PBXFileReference; lastKnownFileType = file.storyboard; name = Base; path = Base.lproj/LaunchScreen.storyboard; sourceTree = "<group>"; };
		79BD87A21EF8B3D400AE431A /* Info.plist */ = {isa = PBXFileReference; lastKnownFileType = text.plist.xml; path = Info.plist; sourceTree = "<group>"; };
		79BD87BC1EF8FE9C00AE431A /* UIBarButtonItem+Extension.h */ = {isa = PBXFileReference; fileEncoding = 4; lastKnownFileType = sourcecode.c.h; path = "UIBarButtonItem+Extension.h"; sourceTree = "<group>"; };
		79BD87BD1EF8FE9C00AE431A /* UIBarButtonItem+Extension.m */ = {isa = PBXFileReference; fileEncoding = 4; lastKnownFileType = sourcecode.c.objc; path = "UIBarButtonItem+Extension.m"; sourceTree = "<group>"; };
		79BD87BE1EF8FE9C00AE431A /* UIButton+LXMImagePosition.h */ = {isa = PBXFileReference; fileEncoding = 4; lastKnownFileType = sourcecode.c.h; path = "UIButton+LXMImagePosition.h"; sourceTree = "<group>"; };
		79BD87BF1EF8FE9C00AE431A /* UIButton+LXMImagePosition.m */ = {isa = PBXFileReference; fileEncoding = 4; lastKnownFileType = sourcecode.c.objc; path = "UIButton+LXMImagePosition.m"; sourceTree = "<group>"; };
		79BD87C11EF8FE9C00AE431A /* DefineFiles.h */ = {isa = PBXFileReference; fileEncoding = 4; lastKnownFileType = sourcecode.c.h; path = DefineFiles.h; sourceTree = "<group>"; };
		79BD87C21EF8FE9C00AE431A /* ImportFiles.h */ = {isa = PBXFileReference; fileEncoding = 4; lastKnownFileType = sourcecode.c.h; path = ImportFiles.h; sourceTree = "<group>"; };
		79BD87C31EF8FE9C00AE431A /* PrefixHeader.pch */ = {isa = PBXFileReference; fileEncoding = 4; lastKnownFileType = sourcecode.c.h; path = PrefixHeader.pch; sourceTree = "<group>"; };
		79BD87C51EF8FE9C00AE431A /* MainViewController.h */ = {isa = PBXFileReference; fileEncoding = 4; lastKnownFileType = sourcecode.c.h; path = MainViewController.h; sourceTree = "<group>"; };
		79BD87C61EF8FE9C00AE431A /* MainViewController.m */ = {isa = PBXFileReference; fileEncoding = 4; lastKnownFileType = sourcecode.c.objc; path = MainViewController.m; sourceTree = "<group>"; };
		79BD87C71EF8FE9C00AE431A /* ZZBaseViewController.h */ = {isa = PBXFileReference; fileEncoding = 4; lastKnownFileType = sourcecode.c.h; path = ZZBaseViewController.h; sourceTree = "<group>"; };
		79BD87C81EF8FE9C00AE431A /* ZZBaseViewController.m */ = {isa = PBXFileReference; fileEncoding = 4; lastKnownFileType = sourcecode.c.objc; path = ZZBaseViewController.m; sourceTree = "<group>"; };
		79BD87C91EF8FE9C00AE431A /* ZZNavigationController.h */ = {isa = PBXFileReference; fileEncoding = 4; lastKnownFileType = sourcecode.c.h; path = ZZNavigationController.h; sourceTree = "<group>"; };
		79BD87CA1EF8FE9C00AE431A /* ZZNavigationController.m */ = {isa = PBXFileReference; fileEncoding = 4; lastKnownFileType = sourcecode.c.objc; path = ZZNavigationController.m; sourceTree = "<group>"; };
/* End PBXFileReference section */

/* Begin PBXFrameworksBuildPhase section */
		79BD878B1EF8B3D400AE431A /* Frameworks */ = {
			isa = PBXFrameworksBuildPhase;
			buildActionMask = 2147483647;
			files = (
			);
			runOnlyForDeploymentPostprocessing = 0;
		};
/* End PBXFrameworksBuildPhase section */

/* Begin PBXGroup section */
		79BD87851EF8B3D300AE431A = {
			isa = PBXGroup;
			children = (
				79BD87901EF8B3D400AE431A /* ZGMDemo */,
				79BD878F1EF8B3D400AE431A /* Products */,
			);
			sourceTree = "<group>";
		};
		79BD878F1EF8B3D400AE431A /* Products */ = {
			isa = PBXGroup;
			children = (
				79BD878E1EF8B3D400AE431A /* ZGMDemo.app */,
			);
			name = Products;
			sourceTree = "<group>";
		};
		79BD87901EF8B3D400AE431A /* ZGMDemo */ = {
			isa = PBXGroup;
			children = (
				79BD87BA1EF8FE9C00AE431A /* Classes */,
				79BD879D1EF8B3D400AE431A /* Assets.xcassets */,
				79BD879F1EF8B3D400AE431A /* LaunchScreen.storyboard */,
				79BD87A21EF8B3D400AE431A /* Info.plist */,
				79BD87911EF8B3D400AE431A /* Supporting Files */,
			);
			path = ZGMDemo;
			sourceTree = "<group>";
		};
		79BD87911EF8B3D400AE431A /* Supporting Files */ = {
			isa = PBXGroup;
			children = (
				79BD87941EF8B3D400AE431A /* AppDelegate.h */,
				79BD87951EF8B3D400AE431A /* AppDelegate.m */,
				79BD87921EF8B3D400AE431A /* main.m */,
			);
			name = "Supporting Files";
			sourceTree = "<group>";
		};
		79BD87BA1EF8FE9C00AE431A /* Classes */ = {
			isa = PBXGroup;
			children = (
				79BD87BB1EF8FE9C00AE431A /* Category */,
				79BD87C01EF8FE9C00AE431A /* ConstFiles */,
				79BD87C41EF8FE9C00AE431A /* Controllers */,
			);
			path = Classes;
			sourceTree = "<group>";
		};
		79BD87BB1EF8FE9C00AE431A /* Category */ = {
			isa = PBXGroup;
			children = (
				79BD87BC1EF8FE9C00AE431A /* UIBarButtonItem+Extension.h */,
				79BD87BD1EF8FE9C00AE431A /* UIBarButtonItem+Extension.m */,
				79BD87BE1EF8FE9C00AE431A /* UIButton+LXMImagePosition.h */,
				79BD87BF1EF8FE9C00AE431A /* UIButton+LXMImagePosition.m */,
			);
			path = Category;
			sourceTree = "<group>";
		};
		79BD87C01EF8FE9C00AE431A /* ConstFiles */ = {
			isa = PBXGroup;
			children = (
				79BD87C11EF8FE9C00AE431A /* DefineFiles.h */,
				79BD87C21EF8FE9C00AE431A /* ImportFiles.h */,
				79BD87C31EF8FE9C00AE431A /* PrefixHeader.pch */,
			);
			path = ConstFiles;
			sourceTree = "<group>";
		};
		79BD87C41EF8FE9C00AE431A /* Controllers */ = {
			isa = PBXGroup;
			children = (
				79BD87C51EF8FE9C00AE431A /* MainViewController.h */,
				79BD87C61EF8FE9C00AE431A /* MainViewController.m */,
				79BD87C71EF8FE9C00AE431A /* ZZBaseViewController.h */,
				79BD87C81EF8FE9C00AE431A /* ZZBaseViewController.m */,
				79BD87C91EF8FE9C00AE431A /* ZZNavigationController.h */,
				79BD87CA1EF8FE9C00AE431A /* ZZNavigationController.m */,
			);
			path = Controllers;
			sourceTree = "<group>";
		};
/* End PBXGroup section */

/* Begin PBXNativeTarget section */
		79BD878D1EF8B3D400AE431A /* ZGMDemo */ = {
			isa = PBXNativeTarget;
			buildConfigurationList = 79BD87A51EF8B3D400AE431A /* Build configuration list for PBXNativeTarget "ZGMDemo" */;
			buildPhases = (
				79BD878A1EF8B3D400AE431A /* Sources */,
				79BD878B1EF8B3D400AE431A /* Frameworks */,
				79BD878C1EF8B3D400AE431A /* Resources */,
			);
			buildRules = (
			);
			dependencies = (
			);
			name = ZGMDemo;
			productName = ZGMDemo;
			productReference = 79BD878E1EF8B3D400AE431A /* ZGMDemo.app */;
			productType = "com.apple.product-type.application";
		};
/* End PBXNativeTarget section */

/* Begin PBXProject section */
		79BD87861EF8B3D300AE431A /* Project object */ = {
			isa = PBXProject;
			attributes = {
				LastUpgradeCheck = 0820;
				ORGANIZATIONNAME = zhuguoming;
				TargetAttributes = {
					79BD878D1EF8B3D400AE431A = {
						CreatedOnToolsVersion = 8.2.1;
						ProvisioningStyle = Automatic;
					};
				};
			};
			buildConfigurationList = 79BD87891EF8B3D400AE431A /* Build configuration list for PBXProject "ZGMDemo" */;
			compatibilityVersion = "Xcode 3.2";
			developmentRegion = English;
			hasScannedForEncodings = 0;
			knownRegions = (
				en,
				Base,
			);
			mainGroup = 79BD87851EF8B3D300AE431A;
			productRefGroup = 79BD878F1EF8B3D400AE431A /* Products */;
			projectDirPath = "";
			projectRoot = "";
			targets = (
				79BD878D1EF8B3D400AE431A /* ZGMDemo */,
			);
		};
/* End PBXProject section */

/* Begin PBXResourcesBuildPhase section */
		79BD878C1EF8B3D400AE431A /* Resources */ = {
			isa = PBXResourcesBuildPhase;
			buildActionMask = 2147483647;
			files = (
				79BD87A11EF8B3D400AE431A /* LaunchScreen.storyboard in Resources */,
				79BD879E1EF8B3D400AE431A /* Assets.xcassets in Resources */,
			);
			runOnlyForDeploymentPostprocessing = 0;
		};
/* End PBXResourcesBuildPhase section */

/* Begin PBXSourcesBuildPhase section */
		79BD878A1EF8B3D400AE431A /* Sources */ = {
			isa = PBXSourcesBuildPhase;
			buildActionMask = 2147483647;
			files = (
				79BD87CE1EF8FE9C00AE431A /* UIButton+LXMImagePosition.m in Sources */,
				79BD87CD1EF8FE9C00AE431A /* UIBarButtonItem+Extension.m in Sources */,
				79BD87D11EF8FE9C00AE431A /* ZZNavigationController.m in Sources */,
				79BD87961EF8B3D400AE431A /* AppDelegate.m in Sources */,
				79BD87D01EF8FE9C00AE431A /* ZZBaseViewController.m in Sources */,
				79BD87CF1EF8FE9C00AE431A /* MainViewController.m in Sources */,
				79BD87931EF8B3D400AE431A /* main.m in Sources */,
			);
			runOnlyForDeploymentPostprocessing = 0;
		};
/* End PBXSourcesBuildPhase section */

/* Begin PBXVariantGroup section */
		79BD879F1EF8B3D400AE431A /* LaunchScreen.storyboard */ = {
			isa = PBXVariantGroup;
			children = (
				79BD87A01EF8B3D400AE431A /* Base */,
			);
			name = LaunchScreen.storyboard;
			sourceTree = "<group>";
		};
/* End PBXVariantGroup section */

/* Begin XCBuildConfiguration section */
		79BD87A31EF8B3D400AE431A /* Debug */ = {
			isa = XCBuildConfiguration;
			buildSettings = {
				ALWAYS_SEARCH_USER_PATHS = NO;
				CLANG_ANALYZER_NONNULL = YES;
				CLANG_CXX_LANGUAGE_STANDARD = "gnu++0x";
				CLANG_CXX_LIBRARY = "libc++";
				CLANG_ENABLE_MODULES = YES;
				CLANG_ENABLE_OBJC_ARC = YES;
				CLANG_WARN_BOOL_CONVERSION = YES;
				CLANG_WARN_CONSTANT_CONVERSION = YES;
				CLANG_WARN_DIRECT_OBJC_ISA_USAGE = YES_ERROR;
				CLANG_WARN_DOCUMENTATION_COMMENTS = YES;
				CLANG_WARN_EMPTY_BODY = YES;
				CLANG_WARN_ENUM_CONVERSION = YES;
				CLANG_WARN_INFINITE_RECURSION = YES;
				CLANG_WARN_INT_CONVERSION = YES;
				CLANG_WARN_OBJC_ROOT_CLASS = YES_ERROR;
				CLANG_WARN_SUSPICIOUS_MOVE = YES;
				CLANG_WARN_UNREACHABLE_CODE = YES;
				CLANG_WARN__DUPLICATE_METHOD_MATCH = YES;
				"CODE_SIGN_IDENTITY[sdk=iphoneos*]" = "iPhone Developer";
				COPY_PHASE_STRIP = NO;
				DEBUG_INFORMATION_FORMAT = dwarf;
				ENABLE_STRICT_OBJC_MSGSEND = YES;
				ENABLE_TESTABILITY = YES;
				GCC_C_LANGUAGE_STANDARD = gnu99;
				GCC_DYNAMIC_NO_PIC = NO;
				GCC_NO_COMMON_BLOCKS = YES;
				GCC_OPTIMIZATION_LEVEL = 0;
				GCC_PREPROCESSOR_DEFINITIONS = (
					"DEBUG=1",
					"$(inherited)",
				);
				GCC_WARN_64_TO_32_BIT_CONVERSION = YES;
				GCC_WARN_ABOUT_RETURN_TYPE = YES_ERROR;
				GCC_WARN_UNDECLARED_SELECTOR = YES;
				GCC_WARN_UNINITIALIZED_AUTOS = YES_AGGRESSIVE;
				GCC_WARN_UNUSED_FUNCTION = YES;
				GCC_WARN_UNUSED_VARIABLE = YES;
				IPHONEOS_DEPLOYMENT_TARGET = 10.2;
				MTL_ENABLE_DEBUG_INFO = YES;
				ONLY_ACTIVE_ARCH = YES;
				SDKROOT = iphoneos;
				TARGETED_DEVICE_FAMILY = "1,2";
			};
			name = Debug;
		};
		79BD87A41EF8B3D400AE431A /* Release */ = {
			isa = XCBuildConfiguration;
			buildSettings = {
				ALWAYS_SEARCH_USER_PATHS = NO;
				CLANG_ANALYZER_NONNULL = YES;
				CLANG_CXX_LANGUAGE_STANDARD = "gnu++0x";
				CLANG_CXX_LIBRARY = "libc++";
				CLANG_ENABLE_MODULES = YES;
				CLANG_ENABLE_OBJC_ARC = YES;
				CLANG_WARN_BOOL_CONVERSION = YES;
				CLANG_WARN_CONSTANT_CONVERSION = YES;
				CLANG_WARN_DIRECT_OBJC_ISA_USAGE = YES_ERROR;
				CLANG_WARN_DOCUMENTATION_COMMENTS = YES;
				CLANG_WARN_EMPTY_BODY = YES;
				CLANG_WARN_ENUM_CONVERSION = YES;
				CLANG_WARN_INFINITE_RECURSION = YES;
				CLANG_WARN_INT_CONVERSION = YES;
				CLANG_WARN_OBJC_ROOT_CLASS = YES_ERROR;
				CLANG_WARN_SUSPICIOUS_MOVE = YES;
				CLANG_WARN_UNREACHABLE_CODE = YES;
				CLANG_WARN__DUPLICATE_METHOD_MATCH = YES;
				"CODE_SIGN_IDENTITY[sdk=iphoneos*]" = "iPhone Developer";
				COPY_PHASE_STRIP = NO;
				DEBUG_INFORMATION_FORMAT = "dwarf-with-dsym";
				ENABLE_NS_ASSERTIONS = NO;
				ENABLE_STRICT_OBJC_MSGSEND = YES;
				GCC_C_LANGUAGE_STANDARD = gnu99;
				GCC_NO_COMMON_BLOCKS = YES;
				GCC_WARN_64_TO_32_BIT_CONVERSION = YES;
				GCC_WARN_ABOUT_RETURN_TYPE = YES_ERROR;
				GCC_WARN_UNDECLARED_SELECTOR = YES;
				GCC_WARN_UNINITIALIZED_AUTOS = YES_AGGRESSIVE;
				GCC_WARN_UNUSED_FUNCTION = YES;
				GCC_WARN_UNUSED_VARIABLE = YES;
				IPHONEOS_DEPLOYMENT_TARGET = 10.2;
				MTL_ENABLE_DEBUG_INFO = NO;
				SDKROOT = iphoneos;
				TARGETED_DEVICE_FAMILY = "1,2";
				VALIDATE_PRODUCT = YES;
			};
			name = Release;
		};
		79BD87A61EF8B3D400AE431A /* Debug */ = {
			isa = XCBuildConfiguration;
			buildSettings = {
				ASSETCATALOG_COMPILER_APPICON_NAME = AppIcon;
				GCC_PRECOMPILE_PREFIX_HEADER = YES;
				GCC_PREFIX_HEADER = ZGMDemo/Classes/ConstFiles/PrefixHeader.pch;
				INFOPLIST_FILE = ZGMDemo/Info.plist;
				LD_RUNPATH_SEARCH_PATHS = "$(inherited) @executable_path/Frameworks";
				PRODUCT_BUNDLE_IDENTIFIER = zgm.ZGMDemo;
				PRODUCT_NAME = "$(TARGET_NAME)";
			};
			name = Debug;
		};
		79BD87A71EF8B3D400AE431A /* Release */ = {
			isa = XCBuildConfiguration;
			buildSettings = {
				ASSETCATALOG_COMPILER_APPICON_NAME = AppIcon;
				GCC_PRECOMPILE_PREFIX_HEADER = YES;
				GCC_PREFIX_HEADER = ZGMDemo/Classes/ConstFiles/PrefixHeader.pch;
				INFOPLIST_FILE = ZGMDemo/Info.plist;
				LD_RUNPATH_SEARCH_PATHS = "$(inherited) @executable_path/Frameworks";
				PRODUCT_BUNDLE_IDENTIFIER = zgm.ZGMDemo;
				PRODUCT_NAME = "$(TARGET_NAME)";
			};
			name = Release;
		};
/* End XCBuildConfiguration section */

/* Begin XCConfigurationList section */
		79BD87891EF8B3D400AE431A /* Build configuration list for PBXProject "ZGMDemo" */ = {
			isa = XCConfigurationList;
			buildConfigurations = (
				79BD87A31EF8B3D400AE431A /* Debug */,
				79BD87A41EF8B3D400AE431A /* Release */,
			);
			defaultConfigurationIsVisible = 0;
			defaultConfigurationName = Release;
		};
		79BD87A51EF8B3D400AE431A /* Build configuration list for PBXNativeTarget "ZGMDemo" */ = {
			isa = XCConfigurationList;
			buildConfigurations = (
				79BD87A61EF8B3D400AE431A /* Debug */,
				79BD87A71EF8B3D400AE431A /* Release */,
			);
			defaultConfigurationIsVisible = 0;
			defaultConfigurationName = Release;
		};
/* End XCConfigurationList section */
	};
	rootObject = 79BD87861EF8B3D300AE431A /* Project object */;
}
